# This file is automatically @generated by Poetry 1.8.2 and should not be changed by hand.

[[package]]
name = "pyelftools"
version = "0.30"
description = "Library for analyzing ELF files and DWARF debugging information"
optional = false
python-versions = "*"
files = [
    {file = "pyelftools-0.30-py2.py3-none-any.whl", hash = "sha256:544c3440eddb9a0dce70b6611de0b28163d71def759d2ed57a0d00118fc5da86"},
    {file = "pyelftools-0.30.tar.gz", hash = "sha256:2fc92b0d534f8b081f58c7c370967379123d8e00984deb53c209364efd575b40"},
]

[metadata]
lock-version = "2.0"
python-versions = "^3.9"
content-hash = "c3932534ce62d628f79ac38b43353093d3b899663d4e1e72186cd9c75013fd2a"
